
Microsoft Visual Studio Solution File, Format Version 12.00
# Visual Studio Version 17
VisualStudioVersion = 17.0.31903.59
MinimumVisualStudioVersion = 10.0.40219.1
Project("{2150E333-8FDC-42A3-9474-1A3956D46DE8}") = "backend", "backend", "{1AE8ACA6-933B-BF2A-3671-3E2EAC007D16}"
EndProject
Project("{2150E333-8FDC-42A3-9474-1A3956D46DE8}") = "src", "src", "{0F9113EE-888A-26D2-68B0-4A7D0A2A8745}"
EndProject
Project("{2150E333-8FDC-42A3-9474-1A3956D46DE8}") = "API", "API", "{BA6F7829-E8E0-0751-39EF-2A8D88499F23}"
EndProject
Project("{FAE04EC0-301F-11D3-BF4B-00C04F79EFBC}") = "MarangozEcommerce.API", "backend\src\API\MarangozEcommerce.API.csproj", "{3D2791E9-97D9-4985-899C-427D108A2162}"
EndProject
Project("{2150E333-8FDC-42A3-9474-1A3956D46DE8}") = "Application", "Application", "{DD51F25B-189C-C109-44C9-4CFD0205B88C}"
EndProject
Project("{FAE04EC0-301F-11D3-BF4B-00C04F79EFBC}") = "MarangozEcommerce.Application", "backend\src\Application\MarangozEcommerce.Application.csproj", "{9717393C-CA74-40DC-9B1A-B47959D84584}"
EndProject
Project("{2150E333-8FDC-42A3-9474-1A3956D46DE8}") = "Domain", "Domain", "{F32722EB-BA92-14D5-7A95-09E8C4628122}"
EndProject
Project("{FAE04EC0-301F-11D3-BF4B-00C04F79EFBC}") = "MarangozEcommerce.Domain", "backend\src\Domain\MarangozEcommerce.Domain.csproj", "{06D1E1B3-85D4-4996-A931-CB18E4E7797E}"
EndProject
Project("{2150E333-8FDC-42A3-9474-1A3956D46DE8}") = "Infrastructure", "Infrastructure", "{2E00793F-1FC4-E5CF-561B-B85C6FC4F4EC}"
EndProject
Project("{FAE04EC0-301F-11D3-BF4B-00C04F79EFBC}") = "MarangozEcommerce.Infrastructure", "backend\src\Infrastructure\MarangozEcommerce.Infrastructure.csproj", "{A895F556-C1AF-4127-B215-D9ED65A1E0B4}"
EndProject
Global
	GlobalSection(SolutionConfigurationPlatforms) = preSolution
		Debug|Any CPU = Debug|Any CPU
		Debug|x64 = Debug|x64
		Debug|x86 = Debug|x86
		Release|Any CPU = Release|Any CPU
		Release|x64 = Release|x64
		Release|x86 = Release|x86
	EndGlobalSection
	GlobalSection(ProjectConfigurationPlatforms) = postSolution
		{3D2791E9-97D9-4985-899C-427D108A2162}.Debug|Any CPU.ActiveCfg = Debug|Any CPU
		{3D2791E9-97D9-4985-899C-427D108A2162}.Debug|Any CPU.Build.0 = Debug|Any CPU
		{3D2791E9-97D9-4985-899C-427D108A2162}.Debug|x64.ActiveCfg = Debug|Any CPU
		{3D2791E9-97D9-4985-899C-427D108A2162}.Debug|x64.Build.0 = Debug|Any CPU
		{3D2791E9-97D9-4985-899C-427D108A2162}.Debug|x86.ActiveCfg = Debug|Any CPU
		{3D2791E9-97D9-4985-899C-427D108A2162}.Debug|x86.Build.0 = Debug|Any CPU
		{3D2791E9-97D9-4985-899C-427D108A2162}.Release|Any CPU.ActiveCfg = Release|Any CPU
		{3D2791E9-97D9-4985-899C-427D108A2162}.Release|Any CPU.Build.0 = Release|Any CPU
		{3D2791E9-97D9-4985-899C-427D108A2162}.Release|x64.ActiveCfg = Release|Any CPU
		{3D2791E9-97D9-4985-899C-427D108A2162}.Release|x64.Build.0 = Release|Any CPU
		{3D2791E9-97D9-4985-899C-427D108A2162}.Release|x86.ActiveCfg = Release|Any CPU
		{3D2791E9-97D9-4985-899C-427D108A2162}.Release|x86.Build.0 = Release|Any CPU
		{9717393C-CA74-40DC-9B1A-B47959D84584}.Debug|Any CPU.ActiveCfg = Debug|Any CPU
		{9717393C-CA74-40DC-9B1A-B47959D84584}.Debug|Any CPU.Build.0 = Debug|Any CPU
		{9717393C-CA74-40DC-9B1A-B47959D84584}.Debug|x64.ActiveCfg = Debug|Any CPU
		{9717393C-CA74-40DC-9B1A-B47959D84584}.Debug|x64.Build.0 = Debug|Any CPU
		{9717393C-CA74-40DC-9B1A-B47959D84584}.Debug|x86.ActiveCfg = Debug|Any CPU
		{9717393C-CA74-40DC-9B1A-B47959D84584}.Debug|x86.Build.0 = Debug|Any CPU
		{9717393C-CA74-40DC-9B1A-B47959D84584}.Release|Any CPU.ActiveCfg = Release|Any CPU
		{9717393C-CA74-40DC-9B1A-B47959D84584}.Release|Any CPU.Build.0 = Release|Any CPU
		{9717393C-CA74-40DC-9B1A-B47959D84584}.Release|x64.ActiveCfg = Release|Any CPU
		{9717393C-CA74-40DC-9B1A-B47959D84584}.Release|x64.Build.0 = Release|Any CPU
		{9717393C-CA74-40DC-9B1A-B47959D84584}.Release|x86.ActiveCfg = Release|Any CPU
		{9717393C-CA74-40DC-9B1A-B47959D84584}.Release|x86.Build.0 = Release|Any CPU
		{06D1E1B3-85D4-4996-A931-CB18E4E7797E}.Debug|Any CPU.ActiveCfg = Debug|Any CPU
		{06D1E1B3-85D4-4996-A931-CB18E4E7797E}.Debug|Any CPU.Build.0 = Debug|Any CPU
		{06D1E1B3-85D4-4996-A931-CB18E4E7797E}.Debug|x64.ActiveCfg = Debug|Any CPU
		{06D1E1B3-85D4-4996-A931-CB18E4E7797E}.Debug|x64.Build.0 = Debug|Any CPU
		{06D1E1B3-85D4-4996-A931-CB18E4E7797E}.Debug|x86.ActiveCfg = Debug|Any CPU
		{06D1E1B3-85D4-4996-A931-CB18E4E7797E}.Debug|x86.Build.0 = Debug|Any CPU
		{06D1E1B3-85D4-4996-A931-CB18E4E7797E}.Release|Any CPU.ActiveCfg = Release|Any CPU
		{06D1E1B3-85D4-4996-A931-CB18E4E7797E}.Release|Any CPU.Build.0 = Release|Any CPU
		{06D1E1B3-85D4-4996-A931-CB18E4E7797E}.Release|x64.ActiveCfg = Release|Any CPU
		{06D1E1B3-85D4-4996-A931-CB18E4E7797E}.Release|x64.Build.0 = Release|Any CPU
		{06D1E1B3-85D4-4996-A931-CB18E4E7797E}.Release|x86.ActiveCfg = Release|Any CPU
		{06D1E1B3-85D4-4996-A931-CB18E4E7797E}.Release|x86.Build.0 = Release|Any CPU
		{A895F556-C1AF-4127-B215-D9ED65A1E0B4}.Debug|Any CPU.ActiveCfg = Debug|Any CPU
		{A895F556-C1AF-4127-B215-D9ED65A1E0B4}.Debug|Any CPU.Build.0 = Debug|Any CPU
		{A895F556-C1AF-4127-B215-D9ED65A1E0B4}.Debug|x64.ActiveCfg = Debug|Any CPU
		{A895F556-C1AF-4127-B215-D9ED65A1E0B4}.Debug|x64.Build.0 = Debug|Any CPU
		{A895F556-C1AF-4127-B215-D9ED65A1E0B4}.Debug|x86.ActiveCfg = Debug|Any CPU
		{A895F556-C1AF-4127-B215-D9ED65A1E0B4}.Debug|x86.Build.0 = Debug|Any CPU
		{A895F556-C1AF-4127-B215-D9ED65A1E0B4}.Release|Any CPU.ActiveCfg = Release|Any CPU
		{A895F556-C1AF-4127-B215-D9ED65A1E0B4}.Release|Any CPU.Build.0 = Release|Any CPU
		{A895F556-C1AF-4127-B215-D9ED65A1E0B4}.Release|x64.ActiveCfg = Release|Any CPU
		{A895F556-C1AF-4127-B215-D9ED65A1E0B4}.Release|x64.Build.0 = Release|Any CPU
		{A895F556-C1AF-4127-B215-D9ED65A1E0B4}.Release|x86.ActiveCfg = Release|Any CPU
		{A895F556-C1AF-4127-B215-D9ED65A1E0B4}.Release|x86.Build.0 = Release|Any CPU
	EndGlobalSection
	GlobalSection(SolutionProperties) = preSolution
		HideSolutionNode = FALSE
	EndGlobalSection
	GlobalSection(NestedProjects) = preSolution
		{0F9113EE-888A-26D2-68B0-4A7D0A2A8745} = {1AE8ACA6-933B-BF2A-3671-3E2EAC007D16}
		{BA6F7829-E8E0-0751-39EF-2A8D88499F23} = {0F9113EE-888A-26D2-68B0-4A7D0A2A8745}
		{3D2791E9-97D9-4985-899C-427D108A2162} = {BA6F7829-E8E0-0751-39EF-2A8D88499F23}
		{DD51F25B-189C-C109-44C9-4CFD0205B88C} = {0F9113EE-888A-26D2-68B0-4A7D0A2A8745}
		{9717393C-CA74-40DC-9B1A-B47959D84584} = {DD51F25B-189C-C109-44C9-4CFD0205B88C}
		{F32722EB-BA92-14D5-7A95-09E8C4628122} = {0F9113EE-888A-26D2-68B0-4A7D0A2A8745}
		{06D1E1B3-85D4-4996-A931-CB18E4E7797E} = {F32722EB-BA92-14D5-7A95-09E8C4628122}
		{2E00793F-1FC4-E5CF-561B-B85C6FC4F4EC} = {0F9113EE-888A-26D2-68B0-4A7D0A2A8745}
		{A895F556-C1AF-4127-B215-D9ED65A1E0B4} = {2E00793F-1FC4-E5CF-561B-B85C6FC4F4EC}
	EndGlobalSection
EndGlobal
